
Microsoft Visual Studio Solution File, Format Version 12.00
# Visual Studio 2017
Project("{FAE04EC0-301F-11D3-BF4B-00C04F79EFBC}") = "foreverapong", "foreverapong.csproj", "{F8185046-2375-407A-D188-E9AA62B0B8DD}"
EndProject
Global
	GlobalSection(SolutionConfigurationPlatforms) = preSolution
		Debug|Any CPU = Debug|Any CPU
		Release|Any CPU = Release|Any CPU
	EndGlobalSection
	GlobalSection(ProjectConfigurationPlatforms) = postSolution
		{F8185046-2375-407A-D188-E9AA62B0B8DD}.Debug|Any CPU.ActiveCfg = Debug|Any CPU
		{F8185046-2375-407A-D188-E9AA62B0B8DD}.Debug|Any CPU.Build.0 = Debug|Any CPU
		{F8185046-2375-407A-D188-E9AA62B0B8DD}.Release|Any CPU.ActiveCfg = Release|Any CPU
		{F8185046-2375-407A-D188-E9AA62B0B8DD}.Release|Any CPU.Build.0 = Release|Any CPU
	EndGlobalSection
	GlobalSection(SolutionProperties) = preSolution
		HideSolutionNode = FALSE
	EndGlobalSection
EndGlobal
